
Microsoft Visual Studio Solution File, Format Version 12.00
# Visual Studio Version 17
VisualStudioVersion = 17.5.002.0
MinimumVisualStudioVersion = 10.0.40219.1
Project("{9A19103F-16F7-4668-BE54-9A1E7A4F7556}") = "CsarpApp1", "CsarpApp1.csproj", "{8FCBF4D8-2AF4-409E-A343-820565FA193C}"
EndProject
Global
	GlobalSection(SolutionConfigurationPlatforms) = preSolution
		Debug|Any CPU = Debug|Any CPU
		Release|Any CPU = Release|Any CPU
	EndGlobalSection
	GlobalSection(ProjectConfigurationPlatforms) = postSolution
		{8FCBF4D8-2AF4-409E-A343-820565FA193C}.Debug|Any CPU.ActiveCfg = Debug|Any CPU
		{8FCBF4D8-2AF4-409E-A343-820565FA193C}.Debug|Any CPU.Build.0 = Debug|Any CPU
		{8FCBF4D8-2AF4-409E-A343-820565FA193C}.Release|Any CPU.ActiveCfg = Release|Any CPU
		{8FCBF4D8-2AF4-409E-A343-820565FA193C}.Release|Any CPU.Build.0 = Release|Any CPU
	EndGlobalSection
	GlobalSection(SolutionProperties) = preSolution
		HideSolutionNode = FALSE
	EndGlobalSection
	GlobalSection(ExtensibilityGlobals) = postSolution
		SolutionGuid = {21671362-EF47-4ACB-A52D-9C919A8B8DE0}
	EndGlobalSection
EndGlobal
